// !$*UTF8*$!
{
	archiveVersion = 1;
	classes = {
	};
	objectVersion = 46;
	objects = {

/* Begin PBXBuildFile section */
		311138CC1C78AC60001B14D9 /* Menu1TableViewCell.swift in Sources */ = {isa = PBXBuildFile; fileRef = 311138CB1C78AC60001B14D9 /* Menu1TableViewCell.swift */; };
		311138CE1C78AC6A001B14D9 /* Menu2TableViewCell.swift in Sources */ = {isa = PBXBuildFile; fileRef = 311138CD1C78AC6A001B14D9 /* Menu2TableViewCell.swift */; };
		311138D01C78AD57001B14D9 /* Menu1TableView.swift in Sources */ = {isa = PBXBuildFile; fileRef = 311138CF1C78AD57001B14D9 /* Menu1TableView.swift */; };
		311138D21C78AD60001B14D9 /* Menu2TableView.swift in Sources */ = {isa = PBXBuildFile; fileRef = 311138D11C78AD60001B14D9 /* Menu2TableView.swift */; };
		317040001C7862A700E0406B /* AppDelegate.swift in Sources */ = {isa = PBXBuildFile; fileRef = 31703FFF1C7862A700E0406B /* AppDelegate.swift */; };
		317040021C7862A700E0406B /* ViewController.swift in Sources */ = {isa = PBXBuildFile; fileRef = 317040011C7862A700E0406B /* ViewController.swift */; };
		317040051C7862A700E0406B /* Main.storyboard in Resources */ = {isa = PBXBuildFile; fileRef = 317040031C7862A700E0406B /* Main.storyboard */; };
		317040071C7862A700E0406B /* Assets.xcassets in Resources */ = {isa = PBXBuildFile; fileRef = 317040061C7862A700E0406B /* Assets.xcassets */; };
		3170400A1C7862A700E0406B /* LaunchScreen.storyboard in Resources */ = {isa = PBXBuildFile; fileRef = 317040081C7862A700E0406B /* LaunchScreen.storyboard */; };
		317040121C78666700E0406B /* Podfile in Resources */ = {isa = PBXBuildFile; fileRef = 317040111C78666700E0406B /* Podfile */; };
		5F00423497D22D5A2CBD5646 /* Pods_A2SLayoutA4.framework in Frameworks */ = {isa = PBXBuildFile; fileRef = 8AC6C7E7011619DA8BDA0C40 /* Pods_A2SLayoutA4.framework */; };
/* End PBXBuildFile section */

/* Begin PBXFileReference section */
		22F931E7CFF00C1A51C6AF0D /* Pods-A2SLayoutA4.release.xcconfig */ = {isa = PBXFileReference; includeInIndex = 1; lastKnownFileType = text.xcconfig; name = "Pods-A2SLayoutA4.release.xcconfig"; path = "Pods/Target Support Files/Pods-A2SLayoutA4/Pods-A2SLayoutA4.release.xcconfig"; sourceTree = "<group>"; };
		311138CB1C78AC60001B14D9 /* Menu1TableViewCell.swift */ = {isa = PBXFileReference; fileEncoding = 4; lastKnownFileType = sourcecode.swift; path = Menu1TableViewCell.swift; sourceTree = "<group>"; };
		311138CD1C78AC6A001B14D9 /* Menu2TableViewCell.swift */ = {isa = PBXFileReference; fileEncoding = 4; lastKnownFileType = sourcecode.swift; path = Menu2TableViewCell.swift; sourceTree = "<group>"; };
		311138CF1C78AD57001B14D9 /* Menu1TableView.swift */ = {isa = PBXFileReference; fileEncoding = 4; lastKnownFileType = sourcecode.swift; path = Menu1TableView.swift; sourceTree = "<group>"; };
		311138D11C78AD60001B14D9 /* Menu2TableView.swift */ = {isa = PBXFileReference; fileEncoding = 4; lastKnownFileType = sourcecode.swift; path = Menu2TableView.swift; sourceTree = "<group>"; };
		31703FFC1C7862A700E0406B /* A2SLayoutA4.app */ = {isa = PBXFileReference; explicitFileType = wrapper.application; includeInIndex = 0; path = A2SLayoutA4.app; sourceTree = BUILT_PRODUCTS_DIR; };
		31703FFF1C7862A700E0406B /* AppDelegate.swift */ = {isa = PBXFileReference; lastKnownFileType = sourcecode.swift; path = AppDelegate.swift; sourceTree = "<group>"; };
		317040011C7862A700E0406B /* ViewController.swift */ = {isa = PBXFileReference; lastKnownFileType = sourcecode.swift; path = ViewController.swift; sourceTree = "<group>"; };
		317040041C7862A700E0406B /* Base */ = {isa = PBXFileReference; lastKnownFileType = file.storyboard; name = Base; path = Base.lproj/Main.storyboard; sourceTree = "<group>"; };
		317040061C7862A700E0406B /* Assets.xcassets */ = {isa = PBXFileReference; lastKnownFileType = folder.assetcatalog; path = Assets.xcassets; sourceTree = "<group>"; };
		317040091C7862A700E0406B /* Base */ = {isa = PBXFileReference; lastKnownFileType = file.storyboard; name = Base; path = Base.lproj/LaunchScreen.storyboard; sourceTree = "<group>"; };
		3170400B1C7862A700E0406B /* Info.plist */ = {isa = PBXFileReference; lastKnownFileType = text.plist.xml; path = Info.plist; sourceTree = "<group>"; };
		317040111C78666700E0406B /* Podfile */ = {isa = PBXFileReference; fileEncoding = 4; lastKnownFileType = text; path = Podfile; sourceTree = "<group>"; xcLanguageSpecificationIdentifier = xcode.lang.ruby; };
		8AC6C7E7011619DA8BDA0C40 /* Pods_A2SLayoutA4.framework */ = {isa = PBXFileReference; explicitFileType = wrapper.framework; includeInIndex = 0; path = Pods_A2SLayoutA4.framework; sourceTree = BUILT_PRODUCTS_DIR; };
		F00E21BFC4D1E58199F2698C /* Pods-A2SLayoutA4.debug.xcconfig */ = {isa = PBXFileReference; includeInIndex = 1; lastKnownFileType = text.xcconfig; name = "Pods-A2SLayoutA4.debug.xcconfig"; path = "Pods/Target Support Files/Pods-A2SLayoutA4/Pods-A2SLayoutA4.debug.xcconfig"; sourceTree = "<group>"; };
/* End PBXFileReference section */

/* Begin PBXFrameworksBuildPhase section */
		31703FF91C7862A700E0406B /* Frameworks */ = {
			isa = PBXFrameworksBuildPhase;
			buildActionMask = 2147483647;
			files = (
				5F00423497D22D5A2CBD5646 /* Pods_A2SLayoutA4.framework in Frameworks */,
			);
			runOnlyForDeploymentPostprocessing = 0;
		};
/* End PBXFrameworksBuildPhase section */

/* Begin PBXGroup section */
		0CE4C918D5862735459E7D09 /* Pods */ = {
			isa = PBXGroup;
			children = (
				F00E21BFC4D1E58199F2698C /* Pods-A2SLayoutA4.debug.xcconfig */,
				22F931E7CFF00C1A51C6AF0D /* Pods-A2SLayoutA4.release.xcconfig */,
			);
			name = Pods;
			sourceTree = "<group>";
		};
		31703FF31C7862A700E0406B = {
			isa = PBXGroup;
			children = (
				317040111C78666700E0406B /* Podfile */,
				31703FFE1C7862A700E0406B /* A2SLayoutA4 */,
				31703FFD1C7862A700E0406B /* Products */,
				0CE4C918D5862735459E7D09 /* Pods */,
				79C9DD8960525E2EEC6FAC62 /* Frameworks */,
			);
			sourceTree = "<group>";
		};
		31703FFD1C7862A700E0406B /* Products */ = {
			isa = PBXGroup;
			children = (
				31703FFC1C7862A700E0406B /* A2SLayoutA4.app */,
			);
			name = Products;
			sourceTree = "<group>";
		};
		31703FFE1C7862A700E0406B /* A2SLayoutA4 */ = {
			isa = PBXGroup;
			children = (
				31703FFF1C7862A700E0406B /* AppDelegate.swift */,
				317040011C7862A700E0406B /* ViewController.swift */,
				317040031C7862A700E0406B /* Main.storyboard */,
				317040061C7862A700E0406B /* Assets.xcassets */,
				317040081C7862A700E0406B /* LaunchScreen.storyboard */,
				3170400B1C7862A700E0406B /* Info.plist */,
				311138CB1C78AC60001B14D9 /* Menu1TableViewCell.swift */,
				311138CD1C78AC6A001B14D9 /* Menu2TableViewCell.swift */,
				311138CF1C78AD57001B14D9 /* Menu1TableView.swift */,
				311138D11C78AD60001B14D9 /* Menu2TableView.swift */,
			);
			path = A2SLayoutA4;
			sourceTree = "<group>";
		};
		79C9DD8960525E2EEC6FAC62 /* Frameworks */ = {
			isa = PBXGroup;
			children = (
				8AC6C7E7011619DA8BDA0C40 /* Pods_A2SLayoutA4.framework */,
			);
			name = Frameworks;
			sourceTree = "<group>";
		};
/* End PBXGroup section */

/* Begin PBXNativeTarget section */
		31703FFB1C7862A700E0406B /* A2SLayoutA4 */ = {
			isa = PBXNativeTarget;
			buildConfigurationList = 3170400E1C7862A700E0406B /* Build configuration list for PBXNativeTarget "A2SLayoutA4" */;
			buildPhases = (
				428155031FE9E8ECA4EF9B31 /* Check Pods Manifest.lock */,
				31703FF81C7862A700E0406B /* Sources */,
				31703FF91C7862A700E0406B /* Frameworks */,
				31703FFA1C7862A700E0406B /* Resources */,
				DD386EF8D6FD44C90733B03D /* Embed Pods Frameworks */,
				28B30F3B0A7DAD25E8F623CA /* Copy Pods Resources */,
			);
			buildRules = (
			);
			dependencies = (
			);
			name = A2SLayoutA4;
			productName = A2SLayoutA4;
			productReference = 31703FFC1C7862A700E0406B /* A2SLayoutA4.app */;
			productType = "com.apple.product-type.application";
		};
/* End PBXNativeTarget section */

/* Begin PBXProject section */
		31703FF41C7862A700E0406B /* Project object */ = {
			isa = PBXProject;
			attributes = {
				LastSwiftUpdateCheck = 0720;
				LastUpgradeCheck = 0720;
				ORGANIZATIONNAME = "Jakkawad Chaiplee";
				TargetAttributes = {
					31703FFB1C7862A700E0406B = {
						CreatedOnToolsVersion = 7.2.1;
						DevelopmentTeam = Z32K7UXVG2;
					};
				};
			};
			buildConfigurationList = 31703FF71C7862A700E0406B /* Build configuration list for PBXProject "A2SLayoutA4" */;
			compatibilityVersion = "Xcode 3.2";
			developmentRegion = English;
			hasScannedForEncodings = 0;
			knownRegions = (
				en,
				Base,
			);
			mainGroup = 31703FF31C7862A700E0406B;
			productRefGroup = 31703FFD1C7862A700E0406B /* Products */;
			projectDirPath = "";
			projectRoot = "";
			targets = (
				31703FFB1C7862A700E0406B /* A2SLayoutA4 */,
			);
		};
/* End PBXProject section */

/* Begin PBXResourcesBuildPhase section */
		31703FFA1C7862A700E0406B /* Resources */ = {
			isa = PBXResourcesBuildPhase;
			buildActionMask = 2147483647;
			files = (
				3170400A1C7862A700E0406B /* LaunchScreen.storyboard in Resources */,
				317040071C7862A700E0406B /* Assets.xcassets in Resources */,
				317040121C78666700E0406B /* Podfile in Resources */,
				317040051C7862A700E0406B /* Main.storyboard in Resources */,
			);
			runOnlyForDeploymentPostprocessing = 0;
		};
/* End PBXResourcesBuildPhase section */

/* Begin PBXShellScriptBuildPhase section */
		28B30F3B0A7DAD25E8F623CA /* Copy Pods Resources */ = {
			isa = PBXShellScriptBuildPhase;
			buildActionMask = 2147483647;
			files = (
			);
			inputPaths = (
			);
			name = "Copy Pods Resources";
			outputPaths = (
			);
			runOnlyForDeploymentPostprocessing = 0;
			shellPath = /bin/sh;
			shellScript = "\"${SRCROOT}/Pods/Target Support Files/Pods-A2SLayoutA4/Pods-A2SLayoutA4-resources.sh\"\n";
			showEnvVarsInLog = 0;
		};
		428155031FE9E8ECA4EF9B31 /* Check Pods Manifest.lock */ = {
			isa = PBXShellScriptBuildPhase;
			buildActionMask = 2147483647;
			files = (
			);
			inputPaths = (
			);
			name = "Check Pods Manifest.lock";
			outputPaths = (
			);
			runOnlyForDeploymentPostprocessing = 0;
			shellPath = /bin/sh;
			shellScript = "diff \"${PODS_ROOT}/../Podfile.lock\" \"${PODS_ROOT}/Manifest.lock\" > /dev/null\nif [[ $? != 0 ]] ; then\n    cat << EOM\nerror: The sandbox is not in sync with the Podfile.lock. Run 'pod install' or update your CocoaPods installation.\nEOM\n    exit 1\nfi\n";
			showEnvVarsInLog = 0;
		};
		DD386EF8D6FD44C90733B03D /* Embed Pods Frameworks */ = {
			isa = PBXShellScriptBuildPhase;
			buildActionMask = 2147483647;
			files = (
			);
			inputPaths = (
			);
			name = "Embed Pods Frameworks";
			outputPaths = (
			);
			runOnlyForDeploymentPostprocessing = 0;
			shellPath = /bin/sh;
			shellScript = "\"${SRCROOT}/Pods/Target Support Files/Pods-A2SLayoutA4/Pods-A2SLayoutA4-frameworks.sh\"\n";
			showEnvVarsInLog = 0;
		};
/* End PBXShellScriptBuildPhase section */

/* Begin PBXSourcesBuildPhase section */
		31703FF81C7862A700E0406B /* Sources */ = {
			isa = PBXSourcesBuildPhase;
			buildActionMask = 2147483647;
			files = (
				317040021C7862A700E0406B /* ViewController.swift in Sources */,
				311138CE1C78AC6A001B14D9 /* Menu2TableViewCell.swift in Sources */,
				311138D01C78AD57001B14D9 /* Menu1TableView.swift in Sources */,
				311138D21C78AD60001B14D9 /* Menu2TableView.swift in Sources */,
				311138CC1C78AC60001B14D9 /* Menu1TableViewCell.swift in Sources */,
				317040001C7862A700E0406B /* AppDelegate.swift in Sources */,
			);
			runOnlyForDeploymentPostprocessing = 0;
		};
/* End PBXSourcesBuildPhase section */

/* Begin PBXVariantGroup section */
		317040031C7862A700E0406B /* Main.storyboard */ = {
			isa = PBXVariantGroup;
			children = (
				317040041C7862A700E0406B /* Base */,
			);
			name = Main.storyboard;
			sourceTree = "<group>";
		};
		317040081C7862A700E0406B /* LaunchScreen.storyboard */ = {
			isa = PBXVariantGroup;
			children = (
				317040091C7862A700E0406B /* Base */,
			);
			name = LaunchScreen.storyboard;
			sourceTree = "<group>";
		};
/* End PBXVariantGroup section */

/* Begin XCBuildConfiguration section */
		3170400C1C7862A700E0406B /* Debug */ = {
			isa = XCBuildConfiguration;
			buildSettings = {
				ALWAYS_SEARCH_USER_PATHS = NO;
				CLANG_CXX_LANGUAGE_STANDARD = "gnu++0x";
				CLANG_CXX_LIBRARY = "libc++";
				CLANG_ENABLE_MODULES = YES;
				CLANG_ENABLE_OBJC_ARC = YES;
				CLANG_WARN_BOOL_CONVERSION = YES;
				CLANG_WARN_CONSTANT_CONVERSION = YES;
				CLANG_WARN_DIRECT_OBJC_ISA_USAGE = YES_ERROR;
				CLANG_WARN_EMPTY_BODY = YES;
				CLANG_WARN_ENUM_CONVERSION = YES;
				CLANG_WARN_INT_CONVERSION = YES;
				CLANG_WARN_OBJC_ROOT_CLASS = YES_ERROR;
				CLANG_WARN_UNREACHABLE_CODE = YES;
				CLANG_WARN__DUPLICATE_METHOD_MATCH = YES;
				"CODE_SIGN_IDENTITY[sdk=iphoneos*]" = "iPhone Developer";
				COPY_PHASE_STRIP = NO;
				DEBUG_INFORMATION_FORMAT = dwarf;
				ENABLE_STRICT_OBJC_MSGSEND = YES;
				ENABLE_TESTABILITY = YES;
				GCC_C_LANGUAGE_STANDARD = gnu99;
				GCC_DYNAMIC_NO_PIC = NO;
				GCC_NO_COMMON_BLOCKS = YES;
				GCC_OPTIMIZATION_LEVEL = 0;
				GCC_PREPROCESSOR_DEFINITIONS = (
					"DEBUG=1",
					"$(inherited)",
				);
				GCC_WARN_64_TO_32_BIT_CONVERSION = YES;
				GCC_WARN_ABOUT_RETURN_TYPE = YES_ERROR;
				GCC_WARN_UNDECLARED_SELECTOR = YES;
				GCC_WARN_UNINITIALIZED_AUTOS = YES_AGGRESSIVE;
				GCC_WARN_UNUSED_FUNCTION = YES;
				GCC_WARN_UNUSED_VARIABLE = YES;
				IPHONEOS_DEPLOYMENT_TARGET = 9.2;
				MTL_ENABLE_DEBUG_INFO = YES;
				ONLY_ACTIVE_ARCH = YES;
				SDKROOT = iphoneos;
				SWIFT_OPTIMIZATION_LEVEL = "-Onone";
				TARGETED_DEVICE_FAMILY = "1,2";
			};
			name = Debug;
		};
		3170400D1C7862A700E0406B /* Release */ = {
			isa = XCBuildConfiguration;
			buildSettings = {
				ALWAYS_SEARCH_USER_PATHS = NO;
				CLANG_CXX_LANGUAGE_STANDARD = "gnu++0x";
				CLANG_CXX_LIBRARY = "libc++";
				CLANG_ENABLE_MODULES = YES;
				CLANG_ENABLE_OBJC_ARC = YES;
				CLANG_WARN_BOOL_CONVERSION = YES;
				CLANG_WARN_CONSTANT_CONVERSION = YES;
				CLANG_WARN_DIRECT_OBJC_ISA_USAGE = YES_ERROR;
				CLANG_WARN_EMPTY_BODY = YES;
				CLANG_WARN_ENUM_CONVERSION = YES;
				CLANG_WARN_INT_CONVERSION = YES;
				CLANG_WARN_OBJC_ROOT_CLASS = YES_ERROR;
				CLANG_WARN_UNREACHABLE_CODE = YES;
				CLANG_WARN__DUPLICATE_METHOD_MATCH = YES;
				"CODE_SIGN_IDENTITY[sdk=iphoneos*]" = "iPhone Developer";
				COPY_PHASE_STRIP = NO;
				DEBUG_INFORMATION_FORMAT = "dwarf-with-dsym";
				ENABLE_NS_ASSERTIONS = NO;
				ENABLE_STRICT_OBJC_MSGSEND = YES;
				GCC_C_LANGUAGE_STANDARD = gnu99;
				GCC_NO_COMMON_BLOCKS = YES;
				GCC_WARN_64_TO_32_BIT_CONVERSION = YES;
				GCC_WARN_ABOUT_RETURN_TYPE = YES_ERROR;
				GCC_WARN_UNDECLARED_SELECTOR = YES;
				GCC_WARN_UNINITIALIZED_AUTOS = YES_AGGRESSIVE;
				GCC_WARN_UNUSED_FUNCTION = YES;
				GCC_WARN_UNUSED_VARIABLE = YES;
				IPHONEOS_DEPLOYMENT_TARGET = 9.2;
				MTL_ENABLE_DEBUG_INFO = NO;
				SDKROOT = iphoneos;
				TARGETED_DEVICE_FAMILY = "1,2";
				VALIDATE_PRODUCT = YES;
			};
			name = Release;
		};
		3170400F1C7862A700E0406B /* Debug */ = {
			isa = XCBuildConfiguration;
			baseConfigurationReference = F00E21BFC4D1E58199F2698C /* Pods-A2SLayoutA4.debug.xcconfig */;
			buildSettings = {
				ASSETCATALOG_COMPILER_APPICON_NAME = AppIcon;
				INFOPLIST_FILE = A2SLayoutA4/Info.plist;
				LD_RUNPATH_SEARCH_PATHS = "$(inherited) @executable_path/Frameworks";
				PRODUCT_BUNDLE_IDENTIFIER = "com.sunny-juof.A2SLayoutA4";
				PRODUCT_NAME = "$(TARGET_NAME)";
			};
			name = Debug;
		};
		317040101C7862A700E0406B /* Release */ = {
			isa = XCBuildConfiguration;
			baseConfigurationReference = 22F931E7CFF00C1A51C6AF0D /* Pods-A2SLayoutA4.release.xcconfig */;
			buildSettings = {
				ASSETCATALOG_COMPILER_APPICON_NAME = AppIcon;
				INFOPLIST_FILE = A2SLayoutA4/Info.plist;
				LD_RUNPATH_SEARCH_PATHS = "$(inherited) @executable_path/Frameworks";
				PRODUCT_BUNDLE_IDENTIFIER = "com.sunny-juof.A2SLayoutA4";
				PRODUCT_NAME = "$(TARGET_NAME)";
			};
			name = Release;
		};
/* End XCBuildConfiguration section */

/* Begin XCConfigurationList section */
		31703FF71C7862A700E0406B /* Build configuration list for PBXProject "A2SLayoutA4" */ = {
			isa = XCConfigurationList;
			buildConfigurations = (
				3170400C1C7862A700E0406B /* Debug */,
				3170400D1C7862A700E0406B /* Release */,
			);
			defaultConfigurationIsVisible = 0;
			defaultConfigurationName = Release;
		};
		3170400E1C7862A700E0406B /* Build configuration list for PBXNativeTarget "A2SLayoutA4" */ = {
			isa = XCConfigurationList;
			buildConfigurations = (
				3170400F1C7862A700E0406B /* Debug */,
				317040101C7862A700E0406B /* Release */,
			);
			defaultConfigurationIsVisible = 0;
			defaultConfigurationName = Release;
		};
/* End XCConfigurationList section */
	};
	rootObject = 31703FF41C7862A700E0406B /* Project object */;
}
